
Microsoft Visual Studio Solution File, Format Version 12.00
# Visual Studio Version 17
VisualStudioVersion = 17.2.32630.192
MinimumVisualStudioVersion = 10.0.40219.1
Project("{FAE04EC0-301F-11D3-BF4B-00C04F79EFBC}") = "NickChapsasCourse", "NickChapsasCourse\NickChapsasCourse.csproj", "{D6D284EB-604F-410B-845F-D348A46D23D4}"
EndProject
Global
	GlobalSection(SolutionConfigurationPlatforms) = preSolution
		Debug|Any CPU = Debug|Any CPU
		Release|Any CPU = Release|Any CPU
	EndGlobalSection
	GlobalSection(ProjectConfigurationPlatforms) = postSolution
		{D6D284EB-604F-410B-845F-D348A46D23D4}.Debug|Any CPU.ActiveCfg = Debug|Any CPU
		{D6D284EB-604F-410B-845F-D348A46D23D4}.Debug|Any CPU.Build.0 = Debug|Any CPU
		{D6D284EB-604F-410B-845F-D348A46D23D4}.Release|Any CPU.ActiveCfg = Release|Any CPU
		{D6D284EB-604F-410B-845F-D348A46D23D4}.Release|Any CPU.Build.0 = Release|Any CPU
	EndGlobalSection
	GlobalSection(SolutionProperties) = preSolution
		HideSolutionNode = FALSE
	EndGlobalSection
	GlobalSection(ExtensibilityGlobals) = postSolution
		SolutionGuid = {83B6A8E4-BB8B-495B-8636-3B7EC6FAA1DE}
	EndGlobalSection
EndGlobal
